
Microsoft Visual Studio Solution File, Format Version 12.00
# Visual Studio Version 17
VisualStudioVersion = 17.3.32922.545
MinimumVisualStudioVersion = 10.0.40219.1
Project("{FAE04EC0-301F-11D3-BF4B-00C04F79EFBC}") = "InserirColeta", "InserirColeta\InserirColeta.csproj", "{75797D93-BD4D-400A-875D-71A947E92453}"
	ProjectSection(ProjectDependencies) = postProject
		{98A82C65-6A36-419E-B2A1-BB8108F53761} = {98A82C65-6A36-419E-B2A1-BB8108F53761}
	EndProjectSection
EndProject
Project("{FAE04EC0-301F-11D3-BF4B-00C04F79EFBC}") = "Common", "Common\Common.csproj", "{0EB7DD84-DC1F-413D-8A45-D4E758649678}"
	ProjectSection(ProjectDependencies) = postProject
		{98A82C65-6A36-419E-B2A1-BB8108F53761} = {98A82C65-6A36-419E-B2A1-BB8108F53761}
	EndProjectSection
EndProject
Project("{FAE04EC0-301F-11D3-BF4B-00C04F79EFBC}") = "AdministrarColeta", "AdministrarColeta\AdministrarColeta.csproj", "{F1ADF7F4-1445-44FE-BCEC-4B963882B892}"
	ProjectSection(ProjectDependencies) = postProject
		{98A82C65-6A36-419E-B2A1-BB8108F53761} = {98A82C65-6A36-419E-B2A1-BB8108F53761}
	EndProjectSection
EndProject
Project("{FAE04EC0-301F-11D3-BF4B-00C04F79EFBC}") = "DbUpConsole", "DbUp\DbUpConsole.csproj", "{98A82C65-6A36-419E-B2A1-BB8108F53761}"
EndProject
Global
	GlobalSection(SolutionConfigurationPlatforms) = preSolution
		Debug|Any CPU = Debug|Any CPU
		Release|Any CPU = Release|Any CPU
	EndGlobalSection
	GlobalSection(ProjectConfigurationPlatforms) = postSolution
		{75797D93-BD4D-400A-875D-71A947E92453}.Debug|Any CPU.ActiveCfg = Debug|Any CPU
		{75797D93-BD4D-400A-875D-71A947E92453}.Debug|Any CPU.Build.0 = Debug|Any CPU
		{75797D93-BD4D-400A-875D-71A947E92453}.Release|Any CPU.ActiveCfg = Release|Any CPU
		{75797D93-BD4D-400A-875D-71A947E92453}.Release|Any CPU.Build.0 = Release|Any CPU
		{0EB7DD84-DC1F-413D-8A45-D4E758649678}.Debug|Any CPU.ActiveCfg = Debug|Any CPU
		{0EB7DD84-DC1F-413D-8A45-D4E758649678}.Debug|Any CPU.Build.0 = Debug|Any CPU
		{0EB7DD84-DC1F-413D-8A45-D4E758649678}.Release|Any CPU.ActiveCfg = Release|Any CPU
		{0EB7DD84-DC1F-413D-8A45-D4E758649678}.Release|Any CPU.Build.0 = Release|Any CPU
		{F1ADF7F4-1445-44FE-BCEC-4B963882B892}.Debug|Any CPU.ActiveCfg = Debug|Any CPU
		{F1ADF7F4-1445-44FE-BCEC-4B963882B892}.Debug|Any CPU.Build.0 = Debug|Any CPU
		{F1ADF7F4-1445-44FE-BCEC-4B963882B892}.Release|Any CPU.ActiveCfg = Release|Any CPU
		{F1ADF7F4-1445-44FE-BCEC-4B963882B892}.Release|Any CPU.Build.0 = Release|Any CPU
		{98A82C65-6A36-419E-B2A1-BB8108F53761}.Debug|Any CPU.ActiveCfg = Debug|Any CPU
		{98A82C65-6A36-419E-B2A1-BB8108F53761}.Debug|Any CPU.Build.0 = Debug|Any CPU
		{98A82C65-6A36-419E-B2A1-BB8108F53761}.Release|Any CPU.ActiveCfg = Release|Any CPU
		{98A82C65-6A36-419E-B2A1-BB8108F53761}.Release|Any CPU.Build.0 = Release|Any CPU
	EndGlobalSection
	GlobalSection(SolutionProperties) = preSolution
		HideSolutionNode = FALSE
	EndGlobalSection
	GlobalSection(ExtensibilityGlobals) = postSolution
		SolutionGuid = {8FD2325B-786E-4600-9E86-8B76C86FE013}
	EndGlobalSection
EndGlobal
